
Microsoft Visual Studio Solution File, Format Version 11.00
# Visual Studio 2010
Project("{FAE04EC0-301F-11D3-BF4B-00C04F79EFBC}") = "Assembly-CSharp", "Assembly-CSharp.csproj", "{7101023e-6c47-490a-6430-2f135d48eb34}"
EndProject
Project("{FAE04EC0-301F-11D3-BF4B-00C04F79EFBC}") = "Assembly-CSharp-Editor", "Assembly-CSharp-Editor.csproj", "{5bc22ada-4f57-c241-a492-570e1c44efff}"
EndProject
Global
	GlobalSection(SolutionConfigurationPlatforms) = preSolution
		Debug|Any CPU = Debug|Any CPU
		Release|Any CPU = Release|Any CPU
	EndGlobalSection
	GlobalSection(ProjectConfigurationPlatforms) = postSolution
		{7101023e-6c47-490a-6430-2f135d48eb34}.Debug|Any CPU.ActiveCfg = Debug|Any CPU
		{7101023e-6c47-490a-6430-2f135d48eb34}.Debug|Any CPU.Build.0 = Debug|Any CPU
		{7101023e-6c47-490a-6430-2f135d48eb34}.Release|Any CPU.ActiveCfg = Release|Any CPU
		{7101023e-6c47-490a-6430-2f135d48eb34}.Release|Any CPU.Build.0 = Release|Any CPU
		{5bc22ada-4f57-c241-a492-570e1c44efff}.Debug|Any CPU.ActiveCfg = Debug|Any CPU
		{5bc22ada-4f57-c241-a492-570e1c44efff}.Debug|Any CPU.Build.0 = Debug|Any CPU
		{5bc22ada-4f57-c241-a492-570e1c44efff}.Release|Any CPU.ActiveCfg = Release|Any CPU
		{5bc22ada-4f57-c241-a492-570e1c44efff}.Release|Any CPU.Build.0 = Release|Any CPU
	EndGlobalSection
	GlobalSection(SolutionProperties) = preSolution
		HideSolutionNode = FALSE
	EndGlobalSection
EndGlobal
